{
  "name": "acacha-relationships",
  "version": "1.0.0",
  "lockfileVersion": 1,
  "requires": true,
  "dependencies": {
    "vue-js-toggle-button": {
      "version": "1.2.0",
      "resolved": "https://registry.npmjs.org/vue-js-toggle-button/-/vue-js-toggle-button-1.2.0.tgz",
      "integrity": "sha512-c1aTTum0n2LUyp/ZVbYXdBJunVsxQ7O/wBLv2JfdpzBwMSDpv7BCeMidhARS7GotfM9E8GrT9uPJuzHaU9n+9Q=="
    },
    "vue-multiselect": {
      "version": "2.0.6",
      "resolved": "https://registry.npmjs.org/vue-multiselect/-/vue-multiselect-2.0.6.tgz",
      "integrity": "sha1-fKgObFPbQeQUv3ama5N33fRlnr0="
    }
  }
}
